// !$*UTF8*$!
{
	archiveVersion = 1;
	classes = {
	};
	objectVersion = 48;
	objects = {

/* Begin PBXBuildFile section */
		79F3342C203213AA0057E9F0 /* AppDelegate.swift in Sources */ = {isa = PBXBuildFile; fileRef = 79F3342B203213AA0057E9F0 /* AppDelegate.swift */; };
		79F3342E203213AA0057E9F0 /* ViewController.swift in Sources */ = {isa = PBXBuildFile; fileRef = 79F3342D203213AA0057E9F0 /* ViewController.swift */; };
		79F33431203213AA0057E9F0 /* Main.storyboard in Resources */ = {isa = PBXBuildFile; fileRef = 79F3342F203213AA0057E9F0 /* Main.storyboard */; };
		79F33433203213AA0057E9F0 /* Assets.xcassets in Resources */ = {isa = PBXBuildFile; fileRef = 79F33432203213AA0057E9F0 /* Assets.xcassets */; };
		79F33436203213AA0057E9F0 /* LaunchScreen.storyboard in Resources */ = {isa = PBXBuildFile; fileRef = 79F33434203213AA0057E9F0 /* LaunchScreen.storyboard */; };
		79F33441203213AA0057E9F0 /* TourCardFillFormTests.swift in Sources */ = {isa = PBXBuildFile; fileRef = 79F33440203213AA0057E9F0 /* TourCardFillFormTests.swift */; };
		79F3344C203213AA0057E9F0 /* TourCardFillFormUITests.swift in Sources */ = {isa = PBXBuildFile; fileRef = 79F3344B203213AA0057E9F0 /* TourCardFillFormUITests.swift */; };
/* End PBXBuildFile section */

/* Begin PBXContainerItemProxy section */
		79F3343D203213AA0057E9F0 /* PBXContainerItemProxy */ = {
			isa = PBXContainerItemProxy;
			containerPortal = 79F33420203213A90057E9F0 /* Project object */;
			proxyType = 1;
			remoteGlobalIDString = 79F33427203213A90057E9F0;
			remoteInfo = TourCardFillForm;
		};
		79F33448203213AA0057E9F0 /* PBXContainerItemProxy */ = {
			isa = PBXContainerItemProxy;
			containerPortal = 79F33420203213A90057E9F0 /* Project object */;
			proxyType = 1;
			remoteGlobalIDString = 79F33427203213A90057E9F0;
			remoteInfo = TourCardFillForm;
		};
/* End PBXContainerItemProxy section */

/* Begin PBXFileReference section */
		79F33428203213A90057E9F0 /* TourCardFillForm.app */ = {isa = PBXFileReference; explicitFileType = wrapper.application; includeInIndex = 0; path = TourCardFillForm.app; sourceTree = BUILT_PRODUCTS_DIR; };
		79F3342B203213AA0057E9F0 /* AppDelegate.swift */ = {isa = PBXFileReference; lastKnownFileType = sourcecode.swift; path = AppDelegate.swift; sourceTree = "<group>"; };
		79F3342D203213AA0057E9F0 /* ViewController.swift */ = {isa = PBXFileReference; lastKnownFileType = sourcecode.swift; path = ViewController.swift; sourceTree = "<group>"; };
		79F33430203213AA0057E9F0 /* Base */ = {isa = PBXFileReference; lastKnownFileType = file.storyboard; name = Base; path = Base.lproj/Main.storyboard; sourceTree = "<group>"; };
		79F33432203213AA0057E9F0 /* Assets.xcassets */ = {isa = PBXFileReference; lastKnownFileType = folder.assetcatalog; path = Assets.xcassets; sourceTree = "<group>"; };
		79F33435203213AA0057E9F0 /* Base */ = {isa = PBXFileReference; lastKnownFileType = file.storyboard; name = Base; path = Base.lproj/LaunchScreen.storyboard; sourceTree = "<group>"; };
		79F33437203213AA0057E9F0 /* Info.plist */ = {isa = PBXFileReference; lastKnownFileType = text.plist.xml; path = Info.plist; sourceTree = "<group>"; };
		79F3343C203213AA0057E9F0 /* TourCardFillFormTests.xctest */ = {isa = PBXFileReference; explicitFileType = wrapper.cfbundle; includeInIndex = 0; path = TourCardFillFormTests.xctest; sourceTree = BUILT_PRODUCTS_DIR; };
		79F33440203213AA0057E9F0 /* TourCardFillFormTests.swift */ = {isa = PBXFileReference; lastKnownFileType = sourcecode.swift; path = TourCardFillFormTests.swift; sourceTree = "<group>"; };
		79F33442203213AA0057E9F0 /* Info.plist */ = {isa = PBXFileReference; lastKnownFileType = text.plist.xml; path = Info.plist; sourceTree = "<group>"; };
		79F33447203213AA0057E9F0 /* TourCardFillFormUITests.xctest */ = {isa = PBXFileReference; explicitFileType = wrapper.cfbundle; includeInIndex = 0; path = TourCardFillFormUITests.xctest; sourceTree = BUILT_PRODUCTS_DIR; };
		79F3344B203213AA0057E9F0 /* TourCardFillFormUITests.swift */ = {isa = PBXFileReference; lastKnownFileType = sourcecode.swift; path = TourCardFillFormUITests.swift; sourceTree = "<group>"; };
		79F3344D203213AA0057E9F0 /* Info.plist */ = {isa = PBXFileReference; lastKnownFileType = text.plist.xml; path = Info.plist; sourceTree = "<group>"; };
/* End PBXFileReference section */

/* Begin PBXFrameworksBuildPhase section */
		79F33425203213A90057E9F0 /* Frameworks */ = {
			isa = PBXFrameworksBuildPhase;
			buildActionMask = 2147483647;
			files = (
			);
			runOnlyForDeploymentPostprocessing = 0;
		};
		79F33439203213AA0057E9F0 /* Frameworks */ = {
			isa = PBXFrameworksBuildPhase;
			buildActionMask = 2147483647;
			files = (
			);
			runOnlyForDeploymentPostprocessing = 0;
		};
		79F33444203213AA0057E9F0 /* Frameworks */ = {
			isa = PBXFrameworksBuildPhase;
			buildActionMask = 2147483647;
			files = (
			);
			runOnlyForDeploymentPostprocessing = 0;
		};
/* End PBXFrameworksBuildPhase section */

/* Begin PBXGroup section */
		79F3341F203213A90057E9F0 = {
			isa = PBXGroup;
			children = (
				79F3342A203213A90057E9F0 /* TourCardFillForm */,
				79F3343F203213AA0057E9F0 /* TourCardFillFormTests */,
				79F3344A203213AA0057E9F0 /* TourCardFillFormUITests */,
				79F33429203213A90057E9F0 /* Products */,
			);
			sourceTree = "<group>";
		};
		79F33429203213A90057E9F0 /* Products */ = {
			isa = PBXGroup;
			children = (
				79F33428203213A90057E9F0 /* TourCardFillForm.app */,
				79F3343C203213AA0057E9F0 /* TourCardFillFormTests.xctest */,
				79F33447203213AA0057E9F0 /* TourCardFillFormUITests.xctest */,
			);
			name = Products;
			sourceTree = "<group>";
		};
		79F3342A203213A90057E9F0 /* TourCardFillForm */ = {
			isa = PBXGroup;
			children = (
				79F3342B203213AA0057E9F0 /* AppDelegate.swift */,
				79F3342D203213AA0057E9F0 /* ViewController.swift */,
				79F3342F203213AA0057E9F0 /* Main.storyboard */,
				79F33432203213AA0057E9F0 /* Assets.xcassets */,
				79F33434203213AA0057E9F0 /* LaunchScreen.storyboard */,
				79F33437203213AA0057E9F0 /* Info.plist */,
			);
			path = TourCardFillForm;
			sourceTree = "<group>";
		};
		79F3343F203213AA0057E9F0 /* TourCardFillFormTests */ = {
			isa = PBXGroup;
			children = (
				79F33440203213AA0057E9F0 /* TourCardFillFormTests.swift */,
				79F33442203213AA0057E9F0 /* Info.plist */,
			);
			path = TourCardFillFormTests;
			sourceTree = "<group>";
		};
		79F3344A203213AA0057E9F0 /* TourCardFillFormUITests */ = {
			isa = PBXGroup;
			children = (
				79F3344B203213AA0057E9F0 /* TourCardFillFormUITests.swift */,
				79F3344D203213AA0057E9F0 /* Info.plist */,
			);
			path = TourCardFillFormUITests;
			sourceTree = "<group>";
		};
/* End PBXGroup section */

/* Begin PBXNativeTarget section */
		79F33427203213A90057E9F0 /* TourCardFillForm */ = {
			isa = PBXNativeTarget;
			buildConfigurationList = 79F33450203213AA0057E9F0 /* Build configuration list for PBXNativeTarget "TourCardFillForm" */;
			buildPhases = (
				79F33424203213A90057E9F0 /* Sources */,
				79F33425203213A90057E9F0 /* Frameworks */,
				79F33426203213A90057E9F0 /* Resources */,
			);
			buildRules = (
			);
			dependencies = (
			);
			name = TourCardFillForm;
			productName = TourCardFillForm;
			productReference = 79F33428203213A90057E9F0 /* TourCardFillForm.app */;
			productType = "com.apple.product-type.application";
		};
		79F3343B203213AA0057E9F0 /* TourCardFillFormTests */ = {
			isa = PBXNativeTarget;
			buildConfigurationList = 79F33453203213AA0057E9F0 /* Build configuration list for PBXNativeTarget "TourCardFillFormTests" */;
			buildPhases = (
				79F33438203213AA0057E9F0 /* Sources */,
				79F33439203213AA0057E9F0 /* Frameworks */,
				79F3343A203213AA0057E9F0 /* Resources */,
			);
			buildRules = (
			);
			dependencies = (
				79F3343E203213AA0057E9F0 /* PBXTargetDependency */,
			);
			name = TourCardFillFormTests;
			productName = TourCardFillFormTests;
			productReference = 79F3343C203213AA0057E9F0 /* TourCardFillFormTests.xctest */;
			productType = "com.apple.product-type.bundle.unit-test";
		};
		79F33446203213AA0057E9F0 /* TourCardFillFormUITests */ = {
			isa = PBXNativeTarget;
			buildConfigurationList = 79F33456203213AA0057E9F0 /* Build configuration list for PBXNativeTarget "TourCardFillFormUITests" */;
			buildPhases = (
				79F33443203213AA0057E9F0 /* Sources */,
				79F33444203213AA0057E9F0 /* Frameworks */,
				79F33445203213AA0057E9F0 /* Resources */,
			);
			buildRules = (
			);
			dependencies = (
				79F33449203213AA0057E9F0 /* PBXTargetDependency */,
			);
			name = TourCardFillFormUITests;
			productName = TourCardFillFormUITests;
			productReference = 79F33447203213AA0057E9F0 /* TourCardFillFormUITests.xctest */;
			productType = "com.apple.product-type.bundle.ui-testing";
		};
/* End PBXNativeTarget section */

/* Begin PBXProject section */
		79F33420203213A90057E9F0 /* Project object */ = {
			isa = PBXProject;
			attributes = {
				LastSwiftUpdateCheck = 0920;
				LastUpgradeCheck = 0920;
				ORGANIZATIONNAME = "Richard Chong";
				TargetAttributes = {
					79F33427203213A90057E9F0 = {
						CreatedOnToolsVersion = 9.2;
						ProvisioningStyle = Automatic;
					};
					79F3343B203213AA0057E9F0 = {
						CreatedOnToolsVersion = 9.2;
						ProvisioningStyle = Automatic;
						TestTargetID = 79F33427203213A90057E9F0;
					};
					79F33446203213AA0057E9F0 = {
						CreatedOnToolsVersion = 9.2;
						ProvisioningStyle = Automatic;
						TestTargetID = 79F33427203213A90057E9F0;
					};
				};
			};
			buildConfigurationList = 79F33423203213A90057E9F0 /* Build configuration list for PBXProject "TourCardFillForm" */;
			compatibilityVersion = "Xcode 8.0";
			developmentRegion = en;
			hasScannedForEncodings = 0;
			knownRegions = (
				en,
				Base,
			);
			mainGroup = 79F3341F203213A90057E9F0;
			productRefGroup = 79F33429203213A90057E9F0 /* Products */;
			projectDirPath = "";
			projectRoot = "";
			targets = (
				79F33427203213A90057E9F0 /* TourCardFillForm */,
				79F3343B203213AA0057E9F0 /* TourCardFillFormTests */,
				79F33446203213AA0057E9F0 /* TourCardFillFormUITests */,
			);
		};
/* End PBXProject section */

/* Begin PBXResourcesBuildPhase section */
		79F33426203213A90057E9F0 /* Resources */ = {
			isa = PBXResourcesBuildPhase;
			buildActionMask = 2147483647;
			files = (
				79F33436203213AA0057E9F0 /* LaunchScreen.storyboard in Resources */,
				79F33433203213AA0057E9F0 /* Assets.xcassets in Resources */,
				79F33431203213AA0057E9F0 /* Main.storyboard in Resources */,
			);
			runOnlyForDeploymentPostprocessing = 0;
		};
		79F3343A203213AA0057E9F0 /* Resources */ = {
			isa = PBXResourcesBuildPhase;
			buildActionMask = 2147483647;
			files = (
			);
			runOnlyForDeploymentPostprocessing = 0;
		};
		79F33445203213AA0057E9F0 /* Resources */ = {
			isa = PBXResourcesBuildPhase;
			buildActionMask = 2147483647;
			files = (
			);
			runOnlyForDeploymentPostprocessing = 0;
		};
/* End PBXResourcesBuildPhase section */

/* Begin PBXSourcesBuildPhase section */
		79F33424203213A90057E9F0 /* Sources */ = {
			isa = PBXSourcesBuildPhase;
			buildActionMask = 2147483647;
			files = (
				79F3342E203213AA0057E9F0 /* ViewController.swift in Sources */,
				79F3342C203213AA0057E9F0 /* AppDelegate.swift in Sources */,
			);
			runOnlyForDeploymentPostprocessing = 0;
		};
		79F33438203213AA0057E9F0 /* Sources */ = {
			isa = PBXSourcesBuildPhase;
			buildActionMask = 2147483647;
			files = (
				79F33441203213AA0057E9F0 /* TourCardFillFormTests.swift in Sources */,
			);
			runOnlyForDeploymentPostprocessing = 0;
		};
		79F33443203213AA0057E9F0 /* Sources */ = {
			isa = PBXSourcesBuildPhase;
			buildActionMask = 2147483647;
			files = (
				79F3344C203213AA0057E9F0 /* TourCardFillFormUITests.swift in Sources */,
			);
			runOnlyForDeploymentPostprocessing = 0;
		};
/* End PBXSourcesBuildPhase section */

/* Begin PBXTargetDependency section */
		79F3343E203213AA0057E9F0 /* PBXTargetDependency */ = {
			isa = PBXTargetDependency;
			target = 79F33427203213A90057E9F0 /* TourCardFillForm */;
			targetProxy = 79F3343D203213AA0057E9F0 /* PBXContainerItemProxy */;
		};
		79F33449203213AA0057E9F0 /* PBXTargetDependency */ = {
			isa = PBXTargetDependency;
			target = 79F33427203213A90057E9F0 /* TourCardFillForm */;
			targetProxy = 79F33448203213AA0057E9F0 /* PBXContainerItemProxy */;
		};
/* End PBXTargetDependency section */

/* Begin PBXVariantGroup section */
		79F3342F203213AA0057E9F0 /* Main.storyboard */ = {
			isa = PBXVariantGroup;
			children = (
				79F33430203213AA0057E9F0 /* Base */,
			);
			name = Main.storyboard;
			sourceTree = "<group>";
		};
		79F33434203213AA0057E9F0 /* LaunchScreen.storyboard */ = {
			isa = PBXVariantGroup;
			children = (
				79F33435203213AA0057E9F0 /* Base */,
			);
			name = LaunchScreen.storyboard;
			sourceTree = "<group>";
		};
/* End PBXVariantGroup section */

/* Begin XCBuildConfiguration section */
		79F3344E203213AA0057E9F0 /* Debug */ = {
			isa = XCBuildConfiguration;
			buildSettings = {
				ALWAYS_SEARCH_USER_PATHS = NO;
				CLANG_ANALYZER_NONNULL = YES;
				CLANG_ANALYZER_NUMBER_OBJECT_CONVERSION = YES_AGGRESSIVE;
				CLANG_CXX_LANGUAGE_STANDARD = "gnu++14";
				CLANG_CXX_LIBRARY = "libc++";
				CLANG_ENABLE_MODULES = YES;
				CLANG_ENABLE_OBJC_ARC = YES;
				CLANG_WARN_BLOCK_CAPTURE_AUTORELEASING = YES;
				CLANG_WARN_BOOL_CONVERSION = YES;
				CLANG_WARN_COMMA = YES;
				CLANG_WARN_CONSTANT_CONVERSION = YES;
				CLANG_WARN_DIRECT_OBJC_ISA_USAGE = YES_ERROR;
				CLANG_WARN_DOCUMENTATION_COMMENTS = YES;
				CLANG_WARN_EMPTY_BODY = YES;
				CLANG_WARN_ENUM_CONVERSION = YES;
				CLANG_WARN_INFINITE_RECURSION = YES;
				CLANG_WARN_INT_CONVERSION = YES;
				CLANG_WARN_NON_LITERAL_NULL_CONVERSION = YES;
				CLANG_WARN_OBJC_LITERAL_CONVERSION = YES;
				CLANG_WARN_OBJC_ROOT_CLASS = YES_ERROR;
				CLANG_WARN_RANGE_LOOP_ANALYSIS = YES;
				CLANG_WARN_STRICT_PROTOTYPES = YES;
				CLANG_WARN_SUSPICIOUS_MOVE = YES;
				CLANG_WARN_UNGUARDED_AVAILABILITY = YES_AGGRESSIVE;
				CLANG_WARN_UNREACHABLE_CODE = YES;
				CLANG_WARN__DUPLICATE_METHOD_MATCH = YES;
				CODE_SIGN_IDENTITY = "iPhone Developer";
				COPY_PHASE_STRIP = NO;
				DEBUG_INFORMATION_FORMAT = dwarf;
				ENABLE_STRICT_OBJC_MSGSEND = YES;
				ENABLE_TESTABILITY = YES;
				GCC_C_LANGUAGE_STANDARD = gnu11;
				GCC_DYNAMIC_NO_PIC = NO;
				GCC_NO_COMMON_BLOCKS = YES;
				GCC_OPTIMIZATION_LEVEL = 0;
				GCC_PREPROCESSOR_DEFINITIONS = (
					"DEBUG=1",
					"$(inherited)",
				);
				GCC_WARN_64_TO_32_BIT_CONVERSION = YES;
				GCC_WARN_ABOUT_RETURN_TYPE = YES_ERROR;
				GCC_WARN_UNDECLARED_SELECTOR = YES;
				GCC_WARN_UNINITIALIZED_AUTOS = YES_AGGRESSIVE;
				GCC_WARN_UNUSED_FUNCTION = YES;
				GCC_WARN_UNUSED_VARIABLE = YES;
				IPHONEOS_DEPLOYMENT_TARGET = 11.2;
				MTL_ENABLE_DEBUG_INFO = YES;
				ONLY_ACTIVE_ARCH = YES;
				SDKROOT = iphoneos;
				SWIFT_ACTIVE_COMPILATION_CONDITIONS = DEBUG;
				SWIFT_OPTIMIZATION_LEVEL = "-Onone";
			};
			name = Debug;
		};
		79F3344F203213AA0057E9F0 /* Release */ = {
			isa = XCBuildConfiguration;
			buildSettings = {
				ALWAYS_SEARCH_USER_PATHS = NO;
				CLANG_ANALYZER_NONNULL = YES;
				CLANG_ANALYZER_NUMBER_OBJECT_CONVERSION = YES_AGGRESSIVE;
				CLANG_CXX_LANGUAGE_STANDARD = "gnu++14";
				CLANG_CXX_LIBRARY = "libc++";
				CLANG_ENABLE_MODULES = YES;
				CLANG_ENABLE_OBJC_ARC = YES;
				CLANG_WARN_BLOCK_CAPTURE_AUTORELEASING = YES;
				CLANG_WARN_BOOL_CONVERSION = YES;
				CLANG_WARN_COMMA = YES;
				CLANG_WARN_CONSTANT_CONVERSION = YES;
				CLANG_WARN_DIRECT_OBJC_ISA_USAGE = YES_ERROR;
				CLANG_WARN_DOCUMENTATION_COMMENTS = YES;
				CLANG_WARN_EMPTY_BODY = YES;
				CLANG_WARN_ENUM_CONVERSION = YES;
				CLANG_WARN_INFINITE_RECURSION = YES;
				CLANG_WARN_INT_CONVERSION = YES;
				CLANG_WARN_NON_LITERAL_NULL_CONVERSION = YES;
				CLANG_WARN_OBJC_LITERAL_CONVERSION = YES;
				CLANG_WARN_OBJC_ROOT_CLASS = YES_ERROR;
				CLANG_WARN_RANGE_LOOP_ANALYSIS = YES;
				CLANG_WARN_STRICT_PROTOTYPES = YES;
				CLANG_WARN_SUSPICIOUS_MOVE = YES;
				CLANG_WARN_UNGUARDED_AVAILABILITY = YES_AGGRESSIVE;
				CLANG_WARN_UNREACHABLE_CODE = YES;
				CLANG_WARN__DUPLICATE_METHOD_MATCH = YES;
				CODE_SIGN_IDENTITY = "iPhone Developer";
				COPY_PHASE_STRIP = NO;
				DEBUG_INFORMATION_FORMAT = "dwarf-with-dsym";
				ENABLE_NS_ASSERTIONS = NO;
				ENABLE_STRICT_OBJC_MSGSEND = YES;
				GCC_C_LANGUAGE_STANDARD = gnu11;
				GCC_NO_COMMON_BLOCKS = YES;
				GCC_WARN_64_TO_32_BIT_CONVERSION = YES;
				GCC_WARN_ABOUT_RETURN_TYPE = YES_ERROR;
				GCC_WARN_UNDECLARED_SELECTOR = YES;
				GCC_WARN_UNINITIALIZED_AUTOS = YES_AGGRESSIVE;
				GCC_WARN_UNUSED_FUNCTION = YES;
				GCC_WARN_UNUSED_VARIABLE = YES;
				IPHONEOS_DEPLOYMENT_TARGET = 11.2;
				MTL_ENABLE_DEBUG_INFO = NO;
				SDKROOT = iphoneos;
				SWIFT_OPTIMIZATION_LEVEL = "-Owholemodule";
				VALIDATE_PRODUCT = YES;
			};
			name = Release;
		};
		79F33451203213AA0057E9F0 /* Debug */ = {
			isa = XCBuildConfiguration;
			buildSettings = {
				ASSETCATALOG_COMPILER_APPICON_NAME = AppIcon;
				CODE_SIGN_STYLE = Automatic;
				INFOPLIST_FILE = TourCardFillForm/Info.plist;
				LD_RUNPATH_SEARCH_PATHS = "$(inherited) @executable_path/Frameworks";
				PRODUCT_BUNDLE_IDENTIFIER = "Richard-Chong.TourCardFillForm";
				PRODUCT_NAME = "$(TARGET_NAME)";
				SWIFT_VERSION = 4.0;
				TARGETED_DEVICE_FAMILY = "1,2";
			};
			name = Debug;
		};
		79F33452203213AA0057E9F0 /* Release */ = {
			isa = XCBuildConfiguration;
			buildSettings = {
				ASSETCATALOG_COMPILER_APPICON_NAME = AppIcon;
				CODE_SIGN_STYLE = Automatic;
				INFOPLIST_FILE = TourCardFillForm/Info.plist;
				LD_RUNPATH_SEARCH_PATHS = "$(inherited) @executable_path/Frameworks";
				PRODUCT_BUNDLE_IDENTIFIER = "Richard-Chong.TourCardFillForm";
				PRODUCT_NAME = "$(TARGET_NAME)";
				SWIFT_VERSION = 4.0;
				TARGETED_DEVICE_FAMILY = "1,2";
			};
			name = Release;
		};
		79F33454203213AA0057E9F0 /* Debug */ = {
			isa = XCBuildConfiguration;
			buildSettings = {
				ALWAYS_EMBED_SWIFT_STANDARD_LIBRARIES = YES;
				BUNDLE_LOADER = "$(TEST_HOST)";
				CODE_SIGN_STYLE = Automatic;
				INFOPLIST_FILE = TourCardFillFormTests/Info.plist;
				LD_RUNPATH_SEARCH_PATHS = "$(inherited) @executable_path/Frameworks @loader_path/Frameworks";
				PRODUCT_BUNDLE_IDENTIFIER = "Richard-Chong.TourCardFillFormTests";
				PRODUCT_NAME = "$(TARGET_NAME)";
				SWIFT_VERSION = 4.0;
				TARGETED_DEVICE_FAMILY = "1,2";
				TEST_HOST = "$(BUILT_PRODUCTS_DIR)/TourCardFillForm.app/TourCardFillForm";
			};
			name = Debug;
		};
		79F33455203213AA0057E9F0 /* Release */ = {
			isa = XCBuildConfiguration;
			buildSettings = {
				ALWAYS_EMBED_SWIFT_STANDARD_LIBRARIES = YES;
				BUNDLE_LOADER = "$(TEST_HOST)";
				CODE_SIGN_STYLE = Automatic;
				INFOPLIST_FILE = TourCardFillFormTests/Info.plist;
				LD_RUNPATH_SEARCH_PATHS = "$(inherited) @executable_path/Frameworks @loader_path/Frameworks";
				PRODUCT_BUNDLE_IDENTIFIER = "Richard-Chong.TourCardFillFormTests";
				PRODUCT_NAME = "$(TARGET_NAME)";
				SWIFT_VERSION = 4.0;
				TARGETED_DEVICE_FAMILY = "1,2";
				TEST_HOST = "$(BUILT_PRODUCTS_DIR)/TourCardFillForm.app/TourCardFillForm";
			};
			name = Release;
		};
		79F33457203213AA0057E9F0 /* Debug */ = {
			isa = XCBuildConfiguration;
			buildSettings = {
				ALWAYS_EMBED_SWIFT_STANDARD_LIBRARIES = YES;
				CODE_SIGN_STYLE = Automatic;
				INFOPLIST_FILE = TourCardFillFormUITests/Info.plist;
				LD_RUNPATH_SEARCH_PATHS = "$(inherited) @executable_path/Frameworks @loader_path/Frameworks";
				PRODUCT_BUNDLE_IDENTIFIER = "Richard-Chong.TourCardFillFormUITests";
				PRODUCT_NAME = "$(TARGET_NAME)";
				SWIFT_VERSION = 4.0;
				TARGETED_DEVICE_FAMILY = "1,2";
				TEST_TARGET_NAME = TourCardFillForm;
			};
			name = Debug;
		};
		79F33458203213AA0057E9F0 /* Release */ = {
			isa = XCBuildConfiguration;
			buildSettings = {
				ALWAYS_EMBED_SWIFT_STANDARD_LIBRARIES = YES;
				CODE_SIGN_STYLE = Automatic;
				INFOPLIST_FILE = TourCardFillFormUITests/Info.plist;
				LD_RUNPATH_SEARCH_PATHS = "$(inherited) @executable_path/Frameworks @loader_path/Frameworks";
				PRODUCT_BUNDLE_IDENTIFIER = "Richard-Chong.TourCardFillFormUITests";
				PRODUCT_NAME = "$(TARGET_NAME)";
				SWIFT_VERSION = 4.0;
				TARGETED_DEVICE_FAMILY = "1,2";
				TEST_TARGET_NAME = TourCardFillForm;
			};
			name = Release;
		};
/* End XCBuildConfiguration section */

/* Begin XCConfigurationList section */
		79F33423203213A90057E9F0 /* Build configuration list for PBXProject "TourCardFillForm" */ = {
			isa = XCConfigurationList;
			buildConfigurations = (
				79F3344E203213AA0057E9F0 /* Debug */,
				79F3344F203213AA0057E9F0 /* Release */,
			);
			defaultConfigurationIsVisible = 0;
			defaultConfigurationName = Release;
		};
		79F33450203213AA0057E9F0 /* Build configuration list for PBXNativeTarget "TourCardFillForm" */ = {
			isa = XCConfigurationList;
			buildConfigurations = (
				79F33451203213AA0057E9F0 /* Debug */,
				79F33452203213AA0057E9F0 /* Release */,
			);
			defaultConfigurationIsVisible = 0;
			defaultConfigurationName = Release;
		};
		79F33453203213AA0057E9F0 /* Build configuration list for PBXNativeTarget "TourCardFillFormTests" */ = {
			isa = XCConfigurationList;
			buildConfigurations = (
				79F33454203213AA0057E9F0 /* Debug */,
				79F33455203213AA0057E9F0 /* Release */,
			);
			defaultConfigurationIsVisible = 0;
			defaultConfigurationName = Release;
		};
		79F33456203213AA0057E9F0 /* Build configuration list for PBXNativeTarget "TourCardFillFormUITests" */ = {
			isa = XCConfigurationList;
			buildConfigurations = (
				79F33457203213AA0057E9F0 /* Debug */,
				79F33458203213AA0057E9F0 /* Release */,
			);
			defaultConfigurationIsVisible = 0;
			defaultConfigurationName = Release;
		};
/* End XCConfigurationList section */
	};
	rootObject = 79F33420203213A90057E9F0 /* Project object */;
}
